// !$*UTF8*$!
{
	archiveVersion = 1;
	classes = {
	};
	objectVersion = 46;
	objects = {

/* Begin PBXBuildFile section */
		31C11CEE1C01B4A1004FA249 /* AppDelegate.swift in Sources */ = {isa = PBXBuildFile; fileRef = 31C11CED1C01B4A1004FA249 /* AppDelegate.swift */; };
		31C11CF01C01B4A1004FA249 /* RootViewController.swift in Sources */ = {isa = PBXBuildFile; fileRef = 31C11CEF1C01B4A1004FA249 /* RootViewController.swift */; };
		31C11CF31C01B4A1004FA249 /* Main.storyboard in Resources */ = {isa = PBXBuildFile; fileRef = 31C11CF11C01B4A1004FA249 /* Main.storyboard */; };
		31C11CF51C01B4A1004FA249 /* Assets.xcassets in Resources */ = {isa = PBXBuildFile; fileRef = 31C11CF41C01B4A1004FA249 /* Assets.xcassets */; };
		31C11CF81C01B4A1004FA249 /* LaunchScreen.storyboard in Resources */ = {isa = PBXBuildFile; fileRef = 31C11CF61C01B4A1004FA249 /* LaunchScreen.storyboard */; };
		31C11D031C01B4A1004FA249 /* MVVM1Tests.swift in Sources */ = {isa = PBXBuildFile; fileRef = 31C11D021C01B4A1004FA249 /* MVVM1Tests.swift */; };
		31C11D0E1C01B4BA004FA249 /* root.json in Resources */ = {isa = PBXBuildFile; fileRef = 31C11D0D1C01B4BA004FA249 /* root.json */; };
		31C11D101C01B5A5004FA249 /* RootModel.swift in Sources */ = {isa = PBXBuildFile; fileRef = 31C11D0F1C01B5A5004FA249 /* RootModel.swift */; };
		31C11D121C01B5CF004FA249 /* RootViewModel.swift in Sources */ = {isa = PBXBuildFile; fileRef = 31C11D111C01B5CF004FA249 /* RootViewModel.swift */; };
		31C11D151C01C1CC004FA249 /* RootModelService.swift in Sources */ = {isa = PBXBuildFile; fileRef = 31C11D141C01C1CC004FA249 /* RootModelService.swift */; };
		31C11D221C026862004FA249 /* DetailViewModel.swift in Sources */ = {isa = PBXBuildFile; fileRef = 31C11D211C026862004FA249 /* DetailViewModel.swift */; };
		31C11D231C026862004FA249 /* DetailViewModel.swift in Sources */ = {isa = PBXBuildFile; fileRef = 31C11D211C026862004FA249 /* DetailViewModel.swift */; };
		31C11D251C026ABC004FA249 /* DetailViewController.swift in Sources */ = {isa = PBXBuildFile; fileRef = 31C11D241C026ABC004FA249 /* DetailViewController.swift */; };
		31C11D261C026ABC004FA249 /* DetailViewController.swift in Sources */ = {isa = PBXBuildFile; fileRef = 31C11D241C026ABC004FA249 /* DetailViewController.swift */; };
		EF07A3221C0620BC002B238B /* DetailModel.swift in Sources */ = {isa = PBXBuildFile; fileRef = EF07A3211C0620BC002B238B /* DetailModel.swift */; };
		EF07A3251C071D23002B238B /* RootViewModelItem.swift in Sources */ = {isa = PBXBuildFile; fileRef = EF07A3241C071D23002B238B /* RootViewModelItem.swift */; };
		EF2AB5921C073CA0007F899B /* RootModelService.swift in Sources */ = {isa = PBXBuildFile; fileRef = 31C11D141C01C1CC004FA249 /* RootModelService.swift */; };
		EF2AB5931C073CA0007F899B /* RootModel.swift in Sources */ = {isa = PBXBuildFile; fileRef = 31C11D0F1C01B5A5004FA249 /* RootModel.swift */; };
		EF2AB5941C073CA0007F899B /* DetailModel.swift in Sources */ = {isa = PBXBuildFile; fileRef = EF07A3211C0620BC002B238B /* DetailModel.swift */; };
		EF2AB5951C073CA0007F899B /* RootViewModel.swift in Sources */ = {isa = PBXBuildFile; fileRef = 31C11D111C01B5CF004FA249 /* RootViewModel.swift */; };
		EF2AB5961C073CA0007F899B /* RootViewController.swift in Sources */ = {isa = PBXBuildFile; fileRef = 31C11CEF1C01B4A1004FA249 /* RootViewController.swift */; };
		EF2AB5971C073CA0007F899B /* RootViewModelItem.swift in Sources */ = {isa = PBXBuildFile; fileRef = EF07A3241C071D23002B238B /* RootViewModelItem.swift */; };
/* End PBXBuildFile section */

/* Begin PBXContainerItemProxy section */
		31C11CFF1C01B4A1004FA249 /* PBXContainerItemProxy */ = {
			isa = PBXContainerItemProxy;
			containerPortal = 31C11CE21C01B4A1004FA249 /* Project object */;
			proxyType = 1;
			remoteGlobalIDString = 31C11CE91C01B4A1004FA249;
			remoteInfo = MVVM1;
		};
/* End PBXContainerItemProxy section */

/* Begin PBXFileReference section */
		31C11CEA1C01B4A1004FA249 /* MVVM1.app */ = {isa = PBXFileReference; explicitFileType = wrapper.application; includeInIndex = 0; path = MVVM1.app; sourceTree = BUILT_PRODUCTS_DIR; };
		31C11CED1C01B4A1004FA249 /* AppDelegate.swift */ = {isa = PBXFileReference; lastKnownFileType = sourcecode.swift; path = AppDelegate.swift; sourceTree = "<group>"; };
		31C11CEF1C01B4A1004FA249 /* RootViewController.swift */ = {isa = PBXFileReference; lastKnownFileType = sourcecode.swift; path = RootViewController.swift; sourceTree = "<group>"; };
		31C11CF21C01B4A1004FA249 /* Base */ = {isa = PBXFileReference; lastKnownFileType = file.storyboard; name = Base; path = Base.lproj/Main.storyboard; sourceTree = "<group>"; };
		31C11CF41C01B4A1004FA249 /* Assets.xcassets */ = {isa = PBXFileReference; lastKnownFileType = folder.assetcatalog; path = Assets.xcassets; sourceTree = "<group>"; };
		31C11CF71C01B4A1004FA249 /* Base */ = {isa = PBXFileReference; lastKnownFileType = file.storyboard; name = Base; path = Base.lproj/LaunchScreen.storyboard; sourceTree = "<group>"; };
		31C11CF91C01B4A1004FA249 /* Info.plist */ = {isa = PBXFileReference; lastKnownFileType = text.plist.xml; path = Info.plist; sourceTree = "<group>"; };
		31C11CFE1C01B4A1004FA249 /* MVVM1Tests.xctest */ = {isa = PBXFileReference; explicitFileType = wrapper.cfbundle; includeInIndex = 0; path = MVVM1Tests.xctest; sourceTree = BUILT_PRODUCTS_DIR; };
		31C11D021C01B4A1004FA249 /* MVVM1Tests.swift */ = {isa = PBXFileReference; lastKnownFileType = sourcecode.swift; path = MVVM1Tests.swift; sourceTree = "<group>"; };
		31C11D041C01B4A1004FA249 /* Info.plist */ = {isa = PBXFileReference; lastKnownFileType = text.plist.xml; path = Info.plist; sourceTree = "<group>"; };
		31C11D0D1C01B4BA004FA249 /* root.json */ = {isa = PBXFileReference; fileEncoding = 4; lastKnownFileType = text.json; path = root.json; sourceTree = "<group>"; };
		31C11D0F1C01B5A5004FA249 /* RootModel.swift */ = {isa = PBXFileReference; fileEncoding = 4; lastKnownFileType = sourcecode.swift; path = RootModel.swift; sourceTree = "<group>"; };
		31C11D111C01B5CF004FA249 /* RootViewModel.swift */ = {isa = PBXFileReference; fileEncoding = 4; lastKnownFileType = sourcecode.swift; path = RootViewModel.swift; sourceTree = "<group>"; };
		31C11D141C01C1CC004FA249 /* RootModelService.swift */ = {isa = PBXFileReference; fileEncoding = 4; lastKnownFileType = sourcecode.swift; path = RootModelService.swift; sourceTree = "<group>"; };
		31C11D211C026862004FA249 /* DetailViewModel.swift */ = {isa = PBXFileReference; fileEncoding = 4; lastKnownFileType = sourcecode.swift; path = DetailViewModel.swift; sourceTree = "<group>"; };
		31C11D241C026ABC004FA249 /* DetailViewController.swift */ = {isa = PBXFileReference; fileEncoding = 4; lastKnownFileType = sourcecode.swift; path = DetailViewController.swift; sourceTree = "<group>"; };
		EF07A3211C0620BC002B238B /* DetailModel.swift */ = {isa = PBXFileReference; fileEncoding = 4; lastKnownFileType = sourcecode.swift; path = DetailModel.swift; sourceTree = "<group>"; };
		EF07A3241C071D23002B238B /* RootViewModelItem.swift */ = {isa = PBXFileReference; fileEncoding = 4; lastKnownFileType = sourcecode.swift; path = RootViewModelItem.swift; sourceTree = "<group>"; };
/* End PBXFileReference section */

/* Begin PBXFrameworksBuildPhase section */
		31C11CE71C01B4A1004FA249 /* Frameworks */ = {
			isa = PBXFrameworksBuildPhase;
			buildActionMask = 2147483647;
			files = (
			);
			runOnlyForDeploymentPostprocessing = 0;
		};
		31C11CFB1C01B4A1004FA249 /* Frameworks */ = {
			isa = PBXFrameworksBuildPhase;
			buildActionMask = 2147483647;
			files = (
			);
			runOnlyForDeploymentPostprocessing = 0;
		};
/* End PBXFrameworksBuildPhase section */

/* Begin PBXGroup section */
		31C11CE11C01B4A1004FA249 = {
			isa = PBXGroup;
			children = (
				31C11CEC1C01B4A1004FA249 /* MVVM1 */,
				31C11D011C01B4A1004FA249 /* MVVM1Tests */,
				31C11CEB1C01B4A1004FA249 /* Products */,
			);
			sourceTree = "<group>";
		};
		31C11CEB1C01B4A1004FA249 /* Products */ = {
			isa = PBXGroup;
			children = (
				31C11CEA1C01B4A1004FA249 /* MVVM1.app */,
				31C11CFE1C01B4A1004FA249 /* MVVM1Tests.xctest */,
			);
			name = Products;
			sourceTree = "<group>";
		};
		31C11CEC1C01B4A1004FA249 /* MVVM1 */ = {
			isa = PBXGroup;
			children = (
				31C11D0D1C01B4BA004FA249 /* root.json */,
				31C11CED1C01B4A1004FA249 /* AppDelegate.swift */,
				31C11D1F1C02680D004FA249 /* Root */,
				31C11D201C026815004FA249 /* Detail */,
				31C11CF11C01B4A1004FA249 /* Main.storyboard */,
				31C11CF41C01B4A1004FA249 /* Assets.xcassets */,
				31C11CF61C01B4A1004FA249 /* LaunchScreen.storyboard */,
				31C11CF91C01B4A1004FA249 /* Info.plist */,
			);
			path = MVVM1;
			sourceTree = "<group>";
		};
		31C11D011C01B4A1004FA249 /* MVVM1Tests */ = {
			isa = PBXGroup;
			children = (
				31C11D021C01B4A1004FA249 /* MVVM1Tests.swift */,
				31C11D041C01B4A1004FA249 /* Info.plist */,
			);
			path = MVVM1Tests;
			sourceTree = "<group>";
		};
		31C11D1F1C02680D004FA249 /* Root */ = {
			isa = PBXGroup;
			children = (
				31C11D141C01C1CC004FA249 /* RootModelService.swift */,
				31C11D0F1C01B5A5004FA249 /* RootModel.swift */,
				EF07A3211C0620BC002B238B /* DetailModel.swift */,
				31C11D111C01B5CF004FA249 /* RootViewModel.swift */,
				EF07A3241C071D23002B238B /* RootViewModelItem.swift */,
				31C11CEF1C01B4A1004FA249 /* RootViewController.swift */,
			);
			name = Root;
			sourceTree = "<group>";
		};
		31C11D201C026815004FA249 /* Detail */ = {
			isa = PBXGroup;
			children = (
				31C11D211C026862004FA249 /* DetailViewModel.swift */,
				31C11D241C026ABC004FA249 /* DetailViewController.swift */,
			);
			name = Detail;
			sourceTree = "<group>";
		};
/* End PBXGroup section */

/* Begin PBXNativeTarget section */
		31C11CE91C01B4A1004FA249 /* MVVM1 */ = {
			isa = PBXNativeTarget;
			buildConfigurationList = 31C11D071C01B4A1004FA249 /* Build configuration list for PBXNativeTarget "MVVM1" */;
			buildPhases = (
				31C11CE61C01B4A1004FA249 /* Sources */,
				31C11CE71C01B4A1004FA249 /* Frameworks */,
				31C11CE81C01B4A1004FA249 /* Resources */,
			);
			buildRules = (
			);
			dependencies = (
			);
			name = MVVM1;
			productName = MVVM1;
			productReference = 31C11CEA1C01B4A1004FA249 /* MVVM1.app */;
			productType = "com.apple.product-type.application";
		};
		31C11CFD1C01B4A1004FA249 /* MVVM1Tests */ = {
			isa = PBXNativeTarget;
			buildConfigurationList = 31C11D0A1C01B4A1004FA249 /* Build configuration list for PBXNativeTarget "MVVM1Tests" */;
			buildPhases = (
				31C11CFA1C01B4A1004FA249 /* Sources */,
				31C11CFB1C01B4A1004FA249 /* Frameworks */,
				31C11CFC1C01B4A1004FA249 /* Resources */,
			);
			buildRules = (
			);
			dependencies = (
				31C11D001C01B4A1004FA249 /* PBXTargetDependency */,
			);
			name = MVVM1Tests;
			productName = MVVM1Tests;
			productReference = 31C11CFE1C01B4A1004FA249 /* MVVM1Tests.xctest */;
			productType = "com.apple.product-type.bundle.unit-test";
		};
/* End PBXNativeTarget section */

/* Begin PBXProject section */
		31C11CE21C01B4A1004FA249 /* Project object */ = {
			isa = PBXProject;
			attributes = {
				LastSwiftUpdateCheck = 0710;
				LastUpgradeCheck = 0710;
				ORGANIZATIONNAME = "Constantine Karlis Interactive Media";
				TargetAttributes = {
					31C11CE91C01B4A1004FA249 = {
						CreatedOnToolsVersion = 7.1.1;
					};
					31C11CFD1C01B4A1004FA249 = {
						CreatedOnToolsVersion = 7.1.1;
						TestTargetID = 31C11CE91C01B4A1004FA249;
					};
				};
			};
			buildConfigurationList = 31C11CE51C01B4A1004FA249 /* Build configuration list for PBXProject "MVVM1" */;
			compatibilityVersion = "Xcode 3.2";
			developmentRegion = English;
			hasScannedForEncodings = 0;
			knownRegions = (
				en,
				Base,
			);
			mainGroup = 31C11CE11C01B4A1004FA249;
			productRefGroup = 31C11CEB1C01B4A1004FA249 /* Products */;
			projectDirPath = "";
			projectRoot = "";
			targets = (
				31C11CE91C01B4A1004FA249 /* MVVM1 */,
				31C11CFD1C01B4A1004FA249 /* MVVM1Tests */,
			);
		};
/* End PBXProject section */

/* Begin PBXResourcesBuildPhase section */
		31C11CE81C01B4A1004FA249 /* Resources */ = {
			isa = PBXResourcesBuildPhase;
			buildActionMask = 2147483647;
			files = (
				31C11CF81C01B4A1004FA249 /* LaunchScreen.storyboard in Resources */,
				31C11D0E1C01B4BA004FA249 /* root.json in Resources */,
				31C11CF51C01B4A1004FA249 /* Assets.xcassets in Resources */,
				31C11CF31C01B4A1004FA249 /* Main.storyboard in Resources */,
			);
			runOnlyForDeploymentPostprocessing = 0;
		};
		31C11CFC1C01B4A1004FA249 /* Resources */ = {
			isa = PBXResourcesBuildPhase;
			buildActionMask = 2147483647;
			files = (
			);
			runOnlyForDeploymentPostprocessing = 0;
		};
/* End PBXResourcesBuildPhase section */

/* Begin PBXSourcesBuildPhase section */
		31C11CE61C01B4A1004FA249 /* Sources */ = {
			isa = PBXSourcesBuildPhase;
			buildActionMask = 2147483647;
			files = (
				31C11D251C026ABC004FA249 /* DetailViewController.swift in Sources */,
				31C11D151C01C1CC004FA249 /* RootModelService.swift in Sources */,
				31C11D101C01B5A5004FA249 /* RootModel.swift in Sources */,
				31C11CF01C01B4A1004FA249 /* RootViewController.swift in Sources */,
				EF07A3221C0620BC002B238B /* DetailModel.swift in Sources */,
				EF07A3251C071D23002B238B /* RootViewModelItem.swift in Sources */,
				31C11D121C01B5CF004FA249 /* RootViewModel.swift in Sources */,
				31C11CEE1C01B4A1004FA249 /* AppDelegate.swift in Sources */,
				31C11D221C026862004FA249 /* DetailViewModel.swift in Sources */,
			);
			runOnlyForDeploymentPostprocessing = 0;
		};
		31C11CFA1C01B4A1004FA249 /* Sources */ = {
			isa = PBXSourcesBuildPhase;
			buildActionMask = 2147483647;
			files = (
				EF2AB5941C073CA0007F899B /* DetailModel.swift in Sources */,
				EF2AB5951C073CA0007F899B /* RootViewModel.swift in Sources */,
				31C11D031C01B4A1004FA249 /* MVVM1Tests.swift in Sources */,
				31C11D261C026ABC004FA249 /* DetailViewController.swift in Sources */,
				EF2AB5971C073CA0007F899B /* RootViewModelItem.swift in Sources */,
				31C11D231C026862004FA249 /* DetailViewModel.swift in Sources */,
				EF2AB5931C073CA0007F899B /* RootModel.swift in Sources */,
				EF2AB5961C073CA0007F899B /* RootViewController.swift in Sources */,
				EF2AB5921C073CA0007F899B /* RootModelService.swift in Sources */,
			);
			runOnlyForDeploymentPostprocessing = 0;
		};
/* End PBXSourcesBuildPhase section */

/* Begin PBXTargetDependency section */
		31C11D001C01B4A1004FA249 /* PBXTargetDependency */ = {
			isa = PBXTargetDependency;
			target = 31C11CE91C01B4A1004FA249 /* MVVM1 */;
			targetProxy = 31C11CFF1C01B4A1004FA249 /* PBXContainerItemProxy */;
		};
/* End PBXTargetDependency section */

/* Begin PBXVariantGroup section */
		31C11CF11C01B4A1004FA249 /* Main.storyboard */ = {
			isa = PBXVariantGroup;
			children = (
				31C11CF21C01B4A1004FA249 /* Base */,
			);
			name = Main.storyboard;
			sourceTree = "<group>";
		};
		31C11CF61C01B4A1004FA249 /* LaunchScreen.storyboard */ = {
			isa = PBXVariantGroup;
			children = (
				31C11CF71C01B4A1004FA249 /* Base */,
			);
			name = LaunchScreen.storyboard;
			sourceTree = "<group>";
		};
/* End PBXVariantGroup section */

/* Begin XCBuildConfiguration section */
		31C11D051C01B4A1004FA249 /* Debug */ = {
			isa = XCBuildConfiguration;
			buildSettings = {
				ALWAYS_SEARCH_USER_PATHS = NO;
				CLANG_CXX_LANGUAGE_STANDARD = "gnu++0x";
				CLANG_CXX_LIBRARY = "libc++";
				CLANG_ENABLE_MODULES = YES;
				CLANG_ENABLE_OBJC_ARC = YES;
				CLANG_WARN_BOOL_CONVERSION = YES;
				CLANG_WARN_CONSTANT_CONVERSION = YES;
				CLANG_WARN_DIRECT_OBJC_ISA_USAGE = YES_ERROR;
				CLANG_WARN_EMPTY_BODY = YES;
				CLANG_WARN_ENUM_CONVERSION = YES;
				CLANG_WARN_INT_CONVERSION = YES;
				CLANG_WARN_OBJC_ROOT_CLASS = YES_ERROR;
				CLANG_WARN_UNREACHABLE_CODE = YES;
				CLANG_WARN__DUPLICATE_METHOD_MATCH = YES;
				"CODE_SIGN_IDENTITY[sdk=iphoneos*]" = "iPhone Developer";
				COPY_PHASE_STRIP = NO;
				DEBUG_INFORMATION_FORMAT = dwarf;
				ENABLE_STRICT_OBJC_MSGSEND = YES;
				ENABLE_TESTABILITY = YES;
				GCC_C_LANGUAGE_STANDARD = gnu99;
				GCC_DYNAMIC_NO_PIC = NO;
				GCC_NO_COMMON_BLOCKS = YES;
				GCC_OPTIMIZATION_LEVEL = 0;
				GCC_PREPROCESSOR_DEFINITIONS = (
					"DEBUG=1",
					"$(inherited)",
				);
				GCC_WARN_64_TO_32_BIT_CONVERSION = YES;
				GCC_WARN_ABOUT_RETURN_TYPE = YES_ERROR;
				GCC_WARN_UNDECLARED_SELECTOR = YES;
				GCC_WARN_UNINITIALIZED_AUTOS = YES_AGGRESSIVE;
				GCC_WARN_UNUSED_FUNCTION = YES;
				GCC_WARN_UNUSED_VARIABLE = YES;
				IPHONEOS_DEPLOYMENT_TARGET = 9.1;
				MTL_ENABLE_DEBUG_INFO = YES;
				ONLY_ACTIVE_ARCH = YES;
				SDKROOT = iphoneos;
				SWIFT_OPTIMIZATION_LEVEL = "-Onone";
				TARGETED_DEVICE_FAMILY = "1,2";
			};
			name = Debug;
		};
		31C11D061C01B4A1004FA249 /* Release */ = {
			isa = XCBuildConfiguration;
			buildSettings = {
				ALWAYS_SEARCH_USER_PATHS = NO;
				CLANG_CXX_LANGUAGE_STANDARD = "gnu++0x";
				CLANG_CXX_LIBRARY = "libc++";
				CLANG_ENABLE_MODULES = YES;
				CLANG_ENABLE_OBJC_ARC = YES;
				CLANG_WARN_BOOL_CONVERSION = YES;
				CLANG_WARN_CONSTANT_CONVERSION = YES;
				CLANG_WARN_DIRECT_OBJC_ISA_USAGE = YES_ERROR;
				CLANG_WARN_EMPTY_BODY = YES;
				CLANG_WARN_ENUM_CONVERSION = YES;
				CLANG_WARN_INT_CONVERSION = YES;
				CLANG_WARN_OBJC_ROOT_CLASS = YES_ERROR;
				CLANG_WARN_UNREACHABLE_CODE = YES;
				CLANG_WARN__DUPLICATE_METHOD_MATCH = YES;
				"CODE_SIGN_IDENTITY[sdk=iphoneos*]" = "iPhone Developer";
				COPY_PHASE_STRIP = NO;
				DEBUG_INFORMATION_FORMAT = "dwarf-with-dsym";
				ENABLE_NS_ASSERTIONS = NO;
				ENABLE_STRICT_OBJC_MSGSEND = YES;
				GCC_C_LANGUAGE_STANDARD = gnu99;
				GCC_NO_COMMON_BLOCKS = YES;
				GCC_WARN_64_TO_32_BIT_CONVERSION = YES;
				GCC_WARN_ABOUT_RETURN_TYPE = YES_ERROR;
				GCC_WARN_UNDECLARED_SELECTOR = YES;
				GCC_WARN_UNINITIALIZED_AUTOS = YES_AGGRESSIVE;
				GCC_WARN_UNUSED_FUNCTION = YES;
				GCC_WARN_UNUSED_VARIABLE = YES;
				IPHONEOS_DEPLOYMENT_TARGET = 9.1;
				MTL_ENABLE_DEBUG_INFO = NO;
				SDKROOT = iphoneos;
				TARGETED_DEVICE_FAMILY = "1,2";
				VALIDATE_PRODUCT = YES;
			};
			name = Release;
		};
		31C11D081C01B4A1004FA249 /* Debug */ = {
			isa = XCBuildConfiguration;
			buildSettings = {
				ASSETCATALOG_COMPILER_APPICON_NAME = AppIcon;
				INFOPLIST_FILE = MVVM1/Info.plist;
				LD_RUNPATH_SEARCH_PATHS = "$(inherited) @executable_path/Frameworks";
				PRODUCT_BUNDLE_IDENTIFIER = com.constantinekarlis.MVVM1;
				PRODUCT_NAME = "$(TARGET_NAME)";
			};
			name = Debug;
		};
		31C11D091C01B4A1004FA249 /* Release */ = {
			isa = XCBuildConfiguration;
			buildSettings = {
				ASSETCATALOG_COMPILER_APPICON_NAME = AppIcon;
				INFOPLIST_FILE = MVVM1/Info.plist;
				LD_RUNPATH_SEARCH_PATHS = "$(inherited) @executable_path/Frameworks";
				PRODUCT_BUNDLE_IDENTIFIER = com.constantinekarlis.MVVM1;
				PRODUCT_NAME = "$(TARGET_NAME)";
			};
			name = Release;
		};
		31C11D0B1C01B4A1004FA249 /* Debug */ = {
			isa = XCBuildConfiguration;
			buildSettings = {
				BUNDLE_LOADER = "$(TEST_HOST)";
				INFOPLIST_FILE = MVVM1Tests/Info.plist;
				LD_RUNPATH_SEARCH_PATHS = "$(inherited) @executable_path/Frameworks @loader_path/Frameworks";
				PRODUCT_BUNDLE_IDENTIFIER = com.constantinekarlis.MVVM1Tests;
				PRODUCT_NAME = "$(TARGET_NAME)";
				TEST_HOST = "$(BUILT_PRODUCTS_DIR)/MVVM1.app/MVVM1";
			};
			name = Debug;
		};
		31C11D0C1C01B4A1004FA249 /* Release */ = {
			isa = XCBuildConfiguration;
			buildSettings = {
				BUNDLE_LOADER = "$(TEST_HOST)";
				INFOPLIST_FILE = MVVM1Tests/Info.plist;
				LD_RUNPATH_SEARCH_PATHS = "$(inherited) @executable_path/Frameworks @loader_path/Frameworks";
				PRODUCT_BUNDLE_IDENTIFIER = com.constantinekarlis.MVVM1Tests;
				PRODUCT_NAME = "$(TARGET_NAME)";
				TEST_HOST = "$(BUILT_PRODUCTS_DIR)/MVVM1.app/MVVM1";
			};
			name = Release;
		};
/* End XCBuildConfiguration section */

/* Begin XCConfigurationList section */
		31C11CE51C01B4A1004FA249 /* Build configuration list for PBXProject "MVVM1" */ = {
			isa = XCConfigurationList;
			buildConfigurations = (
				31C11D051C01B4A1004FA249 /* Debug */,
				31C11D061C01B4A1004FA249 /* Release */,
			);
			defaultConfigurationIsVisible = 0;
			defaultConfigurationName = Release;
		};
		31C11D071C01B4A1004FA249 /* Build configuration list for PBXNativeTarget "MVVM1" */ = {
			isa = XCConfigurationList;
			buildConfigurations = (
				31C11D081C01B4A1004FA249 /* Debug */,
				31C11D091C01B4A1004FA249 /* Release */,
			);
			defaultConfigurationIsVisible = 0;
			defaultConfigurationName = Release;
		};
		31C11D0A1C01B4A1004FA249 /* Build configuration list for PBXNativeTarget "MVVM1Tests" */ = {
			isa = XCConfigurationList;
			buildConfigurations = (
				31C11D0B1C01B4A1004FA249 /* Debug */,
				31C11D0C1C01B4A1004FA249 /* Release */,
			);
			defaultConfigurationIsVisible = 0;
			defaultConfigurationName = Release;
		};
/* End XCConfigurationList section */
	};
	rootObject = 31C11CE21C01B4A1004FA249 /* Project object */;
}
